[[tools.jq]]
version = "1.8.1"
backend = "aqua:jqlang/jq"
"platforms.linux-arm64" = { checksum = "sha256:6bc62f25981328edd3cfcfe6fe51b073f2d7e7710d7ef7fcdac28d4e384fc3d4", url = "https://github.com/jqlang/jq/releases/download/jq-1.8.1/jq-linux-arm64"}
"platforms.linux-x64" = { checksum = "sha256:020468de7539ce70ef1bceaf7cde2e8c4f2ca6c3afb84642aabc5c97d9fc2a0d", url = "https://github.com/jqlang/jq/releases/download/jq-1.8.1/jq-linux-amd64"}
"platforms.macos-arm64" = { checksum = "sha256:a9fe3ea2f86dfc72f6728417521ec9067b343277152b114f4e98d8cb0e263603", url = "https://github.com/jqlang/jq/releases/download/jq-1.8.1/jq-macos-arm64"}
"platforms.macos-x64" = { checksum = "sha256:e80dbe0d2a2597e3c11c404f03337b981d74b4a8504b70586c354b7697a7c27f", url = "https://github.com/jqlang/jq/releases/download/jq-1.8.1/jq-macos-amd64"}
"platforms.windows-x64" = { checksum = "sha256:23cb60a1354eed6bcc8d9b9735e8c7b388cd1fdcb75726b93bc299ef22dd9334", url = "https://github.com/jqlang/jq/releases/download/jq-1.8.1/jq-windows-amd64.exe"}

[[tools.node]]
version = "24.11.1"
backend = "core:node"
"platforms.linux-arm64" = { checksum = "sha256:0dc93ec5c798b0d347f068db6d205d03dea9a71765e6a53922b682b91265d71f", url = "https://nodejs.org/dist/v24.11.1/node-v24.11.1-linux-arm64.tar.gz"}
"platforms.linux-x64" = { checksum = "sha256:58a5ff5cc8f2200e458bea22e329d5c1994aa1b111d499ca46ec2411d58239ca", url = "https://nodejs.org/dist/v24.11.1/node-v24.11.1-linux-x64.tar.gz"}
"platforms.macos-arm64" = { checksum = "sha256:b05aa3a66efe680023f930bd5af3fdbbd542794da5644ca2ad711d68cbd4dc35", url = "https://nodejs.org/dist/v24.11.1/node-v24.11.1-darwin-arm64.tar.gz"}
"platforms.macos-x64" = { checksum = "sha256:096081b6d6fcdd3f5ba0f5f1d44a47e83037ad2e78eada26671c252fe64dd111", url = "https://nodejs.org/dist/v24.11.1/node-v24.11.1-darwin-x64.tar.gz"}
"platforms.windows-x64" = { checksum = "sha256:5355ae6d7c49eddcfde7d34ac3486820600a831bf81dc3bdca5c8db6a9bb0e76", url = "https://nodejs.org/dist/v24.11.1/node-v24.11.1-win-x64.zip"}

[[tools."npm:watchman"]]
version = "1.0.0"
backend = "npm:watchman"
